# This file is autogenerated, do not edit; changes may be undone by the next 'dep ensure'.


[[projects]]
  digest = "1:f79af6373976dd76c9bf3d5de0043d5f98158c125217424fe6b77ed5ac83afd6"
  name = "github.com/revel/modules"
  packages = ["static"]
  pruneopts = ""
  revision = "a50f5f138880b68aef235a7c1f3f09ba56b71d45"
  version = "v0.21.0"

[solve-meta]
  analyzer-name = "dep"
  analyzer-version = 1
  input-imports = ["github.com/revel/modules/static"]
  solver-name = "gps-cdcl"
  solver-version = 1
